
Microsoft Visual Studio Solution File, Format Version 12.00
# Visual Studio Version 17
VisualStudioVersion = 17.6.33712.159
MinimumVisualStudioVersion = 10.0.40219.1
Project("{FAE04EC0-301F-11D3-BF4B-00C04F79EFBC}") = "Phone3", "Phone3.csproj", "{763E9437-5DC8-42E5-8703-158F86826C7F}"
EndProject
Global
	GlobalSection(SolutionConfigurationPlatforms) = preSolution
		Debug|Any CPU = Debug|Any CPU
		Release|Any CPU = Release|Any CPU
	EndGlobalSection
	GlobalSection(ProjectConfigurationPlatforms) = postSolution
		{763E9437-5DC8-42E5-8703-158F86826C7F}.Debug|Any CPU.ActiveCfg = Debug|Any CPU
		{763E9437-5DC8-42E5-8703-158F86826C7F}.Debug|Any CPU.Build.0 = Debug|Any CPU
		{763E9437-5DC8-42E5-8703-158F86826C7F}.Release|Any CPU.ActiveCfg = Release|Any CPU
		{763E9437-5DC8-42E5-8703-158F86826C7F}.Release|Any CPU.Build.0 = Release|Any CPU
	EndGlobalSection
	GlobalSection(SolutionProperties) = preSolution
		HideSolutionNode = FALSE
	EndGlobalSection
	GlobalSection(ExtensibilityGlobals) = postSolution
		SolutionGuid = {7BB5962A-671A-4C12-A3CE-C68E29E88697}
	EndGlobalSection
EndGlobal
